// !$*UTF8*$!
{
	archiveVersion = 1;
	classes = {
	};
	objectVersion = 46;
	objects = {

/* Begin PBXBuildFile section */
		FB5DEF9F16D6B95C00EBEA2F /* WhirlyGlobeSDK.h in CopyFiles */ = {isa = PBXBuildFile; fileRef = FB5DEF9E16D6B95C00EBEA2F /* WhirlyGlobeSDK.h */; };
		FB5DEFA116D6B95C00EBEA2F /* WhirlyGlobeSDK.m in Sources */ = {isa = PBXBuildFile; fileRef = FB5DEFA016D6B95C00EBEA2F /* WhirlyGlobeSDK.m */; };
		FB5DEFA916D6B95C00EBEA2F /* SenTestingKit.framework in Frameworks */ = {isa = PBXBuildFile; fileRef = FB5DEFA816D6B95C00EBEA2F /* SenTestingKit.framework */; };
		FB5DEFAB16D6B95C00EBEA2F /* UIKit.framework in Frameworks */ = {isa = PBXBuildFile; fileRef = FB5DEFAA16D6B95C00EBEA2F /* UIKit.framework */; };
		FB5DEFAC16D6B95C00EBEA2F /* Foundation.framework in Frameworks */ = {isa = PBXBuildFile; fileRef = FB5DEF9916D6B95C00EBEA2F /* Foundation.framework */; };
		FB5DEFAF16D6B95C00EBEA2F /* libWhirlyGlobeSDK.a in Frameworks */ = {isa = PBXBuildFile; fileRef = FB5DEF9616D6B95C00EBEA2F /* libWhirlyGlobeSDK.a */; };
		FB5DEFB516D6B95C00EBEA2F /* InfoPlist.strings in Resources */ = {isa = PBXBuildFile; fileRef = FB5DEFB316D6B95C00EBEA2F /* InfoPlist.strings */; };
		FB5DEFB816D6B95C00EBEA2F /* WhirlyGlobeSDKTests.m in Sources */ = {isa = PBXBuildFile; fileRef = FB5DEFB716D6B95C00EBEA2F /* WhirlyGlobeSDKTests.m */; };
		FB5DEFC416D6BADA00EBEA2F /* libWhirlyGlobe-MaplyComponent.a in Frameworks */ = {isa = PBXBuildFile; fileRef = FB5DEFC316D6BADA00EBEA2F /* libWhirlyGlobe-MaplyComponent.a */; };
		FB5DEFC616D6BADF00EBEA2F /* libWhirlyGlobeLib.a in Frameworks */ = {isa = PBXBuildFile; fileRef = FB5DEFC516D6BADF00EBEA2F /* libWhirlyGlobeLib.a */; };
/* End PBXBuildFile section */

/* Begin PBXContainerItemProxy section */
		FB5DEFAD16D6B95C00EBEA2F /* PBXContainerItemProxy */ = {
			isa = PBXContainerItemProxy;
			containerPortal = FB5DEF8E16D6B95C00EBEA2F /* Project object */;
			proxyType = 1;
			remoteGlobalIDString = FB5DEF9516D6B95C00EBEA2F;
			remoteInfo = WhirlyGlobeSDK;
		};
/* End PBXContainerItemProxy section */

/* Begin PBXCopyFilesBuildPhase section */
		FB5DEF9416D6B95C00EBEA2F /* CopyFiles */ = {
			isa = PBXCopyFilesBuildPhase;
			buildActionMask = 2147483647;
			dstPath = "include/${PRODUCT_NAME}";
			dstSubfolderSpec = 16;
			files = (
				FB5DEF9F16D6B95C00EBEA2F /* WhirlyGlobeSDK.h in CopyFiles */,
			);
			runOnlyForDeploymentPostprocessing = 0;
		};
/* End PBXCopyFilesBuildPhase section */

/* Begin PBXFileReference section */
		FB5DEF9616D6B95C00EBEA2F /* libWhirlyGlobeSDK.a */ = {isa = PBXFileReference; explicitFileType = archive.ar; includeInIndex = 0; path = libWhirlyGlobeSDK.a; sourceTree = BUILT_PRODUCTS_DIR; };
		FB5DEF9916D6B95C00EBEA2F /* Foundation.framework */ = {isa = PBXFileReference; lastKnownFileType = wrapper.framework; name = Foundation.framework; path = System/Library/Frameworks/Foundation.framework; sourceTree = SDKROOT; };
		FB5DEF9D16D6B95C00EBEA2F /* WhirlyGlobeSDK-Prefix.pch */ = {isa = PBXFileReference; lastKnownFileType = sourcecode.c.h; path = "WhirlyGlobeSDK-Prefix.pch"; sourceTree = "<group>"; };
		FB5DEF9E16D6B95C00EBEA2F /* WhirlyGlobeSDK.h */ = {isa = PBXFileReference; lastKnownFileType = sourcecode.c.h; path = WhirlyGlobeSDK.h; sourceTree = "<group>"; };
		FB5DEFA016D6B95C00EBEA2F /* WhirlyGlobeSDK.m */ = {isa = PBXFileReference; lastKnownFileType = sourcecode.c.objc; path = WhirlyGlobeSDK.m; sourceTree = "<group>"; };
		FB5DEFA716D6B95C00EBEA2F /* WhirlyGlobeSDKTests.octest */ = {isa = PBXFileReference; explicitFileType = wrapper.cfbundle; includeInIndex = 0; path = WhirlyGlobeSDKTests.octest; sourceTree = BUILT_PRODUCTS_DIR; };
		FB5DEFA816D6B95C00EBEA2F /* SenTestingKit.framework */ = {isa = PBXFileReference; lastKnownFileType = wrapper.framework; name = SenTestingKit.framework; path = Library/Frameworks/SenTestingKit.framework; sourceTree = DEVELOPER_DIR; };
		FB5DEFAA16D6B95C00EBEA2F /* UIKit.framework */ = {isa = PBXFileReference; lastKnownFileType = wrapper.framework; name = UIKit.framework; path = Library/Frameworks/UIKit.framework; sourceTree = DEVELOPER_DIR; };
		FB5DEFB216D6B95C00EBEA2F /* WhirlyGlobeSDKTests-Info.plist */ = {isa = PBXFileReference; lastKnownFileType = text.plist.xml; path = "WhirlyGlobeSDKTests-Info.plist"; sourceTree = "<group>"; };
		FB5DEFB416D6B95C00EBEA2F /* en */ = {isa = PBXFileReference; lastKnownFileType = text.plist.strings; name = en; path = en.lproj/InfoPlist.strings; sourceTree = "<group>"; };
		FB5DEFB616D6B95C00EBEA2F /* WhirlyGlobeSDKTests.h */ = {isa = PBXFileReference; lastKnownFileType = sourcecode.c.h; path = WhirlyGlobeSDKTests.h; sourceTree = "<group>"; };
		FB5DEFB716D6B95C00EBEA2F /* WhirlyGlobeSDKTests.m */ = {isa = PBXFileReference; lastKnownFileType = sourcecode.c.objc; path = WhirlyGlobeSDKTests.m; sourceTree = "<group>"; };
		FB5DEFC316D6BADA00EBEA2F /* libWhirlyGlobe-MaplyComponent.a */ = {isa = PBXFileReference; lastKnownFileType = archive.ar; name = "libWhirlyGlobe-MaplyComponent.a"; path = "../../../Library/Developer/Xcode/DerivedData/WhirlyGlobe-bmzdpobwkpvjomazaxoyqeinvosq/Build/Products/Debug-iphoneos/libWhirlyGlobe-MaplyComponent.a"; sourceTree = "<group>"; };
		FB5DEFC516D6BADF00EBEA2F /* libWhirlyGlobeLib.a */ = {isa = PBXFileReference; lastKnownFileType = archive.ar; name = libWhirlyGlobeLib.a; path = "../../../Library/Developer/Xcode/DerivedData/WhirlyGlobe-bmzdpobwkpvjomazaxoyqeinvosq/Build/Products/Debug-iphoneos/libWhirlyGlobeLib.a"; sourceTree = "<group>"; };
/* End PBXFileReference section */

/* Begin PBXFrameworksBuildPhase section */
		FB5DEF9316D6B95C00EBEA2F /* Frameworks */ = {
			isa = PBXFrameworksBuildPhase;
			buildActionMask = 2147483647;
			files = (
				FB5DEFC416D6BADA00EBEA2F /* libWhirlyGlobe-MaplyComponent.a in Frameworks */,
				FB5DEFC616D6BADF00EBEA2F /* libWhirlyGlobeLib.a in Frameworks */,
			);
			runOnlyForDeploymentPostprocessing = 0;
		};
		FB5DEFA316D6B95C00EBEA2F /* Frameworks */ = {
			isa = PBXFrameworksBuildPhase;
			buildActionMask = 2147483647;
			files = (
				FB5DEFA916D6B95C00EBEA2F /* SenTestingKit.framework in Frameworks */,
				FB5DEFAB16D6B95C00EBEA2F /* UIKit.framework in Frameworks */,
				FB5DEFAC16D6B95C00EBEA2F /* Foundation.framework in Frameworks */,
				FB5DEFAF16D6B95C00EBEA2F /* libWhirlyGlobeSDK.a in Frameworks */,
			);
			runOnlyForDeploymentPostprocessing = 0;
		};
/* End PBXFrameworksBuildPhase section */

/* Begin PBXGroup section */
		FB5DEF8D16D6B95C00EBEA2F = {
			isa = PBXGroup;
			children = (
				FB5DEF9B16D6B95C00EBEA2F /* WhirlyGlobeSDK */,
				FB5DEFB016D6B95C00EBEA2F /* WhirlyGlobeSDKTests */,
				FB5DEF9816D6B95C00EBEA2F /* Frameworks */,
				FB5DEF9716D6B95C00EBEA2F /* Products */,
			);
			sourceTree = "<group>";
		};
		FB5DEF9716D6B95C00EBEA2F /* Products */ = {
			isa = PBXGroup;
			children = (
				FB5DEF9616D6B95C00EBEA2F /* libWhirlyGlobeSDK.a */,
				FB5DEFA716D6B95C00EBEA2F /* WhirlyGlobeSDKTests.octest */,
			);
			name = Products;
			sourceTree = "<group>";
		};
		FB5DEF9816D6B95C00EBEA2F /* Frameworks */ = {
			isa = PBXGroup;
			children = (
				FB5DEFC516D6BADF00EBEA2F /* libWhirlyGlobeLib.a */,
				FB5DEFC316D6BADA00EBEA2F /* libWhirlyGlobe-MaplyComponent.a */,
				FB5DEF9916D6B95C00EBEA2F /* Foundation.framework */,
				FB5DEFA816D6B95C00EBEA2F /* SenTestingKit.framework */,
				FB5DEFAA16D6B95C00EBEA2F /* UIKit.framework */,
			);
			name = Frameworks;
			sourceTree = "<group>";
		};
		FB5DEF9B16D6B95C00EBEA2F /* WhirlyGlobeSDK */ = {
			isa = PBXGroup;
			children = (
				FB5DEF9E16D6B95C00EBEA2F /* WhirlyGlobeSDK.h */,
				FB5DEFA016D6B95C00EBEA2F /* WhirlyGlobeSDK.m */,
				FB5DEF9C16D6B95C00EBEA2F /* Supporting Files */,
			);
			path = WhirlyGlobeSDK;
			sourceTree = "<group>";
		};
		FB5DEF9C16D6B95C00EBEA2F /* Supporting Files */ = {
			isa = PBXGroup;
			children = (
				FB5DEF9D16D6B95C00EBEA2F /* WhirlyGlobeSDK-Prefix.pch */,
			);
			name = "Supporting Files";
			sourceTree = "<group>";
		};
		FB5DEFB016D6B95C00EBEA2F /* WhirlyGlobeSDKTests */ = {
			isa = PBXGroup;
			children = (
				FB5DEFB616D6B95C00EBEA2F /* WhirlyGlobeSDKTests.h */,
				FB5DEFB716D6B95C00EBEA2F /* WhirlyGlobeSDKTests.m */,
				FB5DEFB116D6B95C00EBEA2F /* Supporting Files */,
			);
			path = WhirlyGlobeSDKTests;
			sourceTree = "<group>";
		};
		FB5DEFB116D6B95C00EBEA2F /* Supporting Files */ = {
			isa = PBXGroup;
			children = (
				FB5DEFB216D6B95C00EBEA2F /* WhirlyGlobeSDKTests-Info.plist */,
				FB5DEFB316D6B95C00EBEA2F /* InfoPlist.strings */,
			);
			name = "Supporting Files";
			sourceTree = "<group>";
		};
/* End PBXGroup section */

/* Begin PBXNativeTarget section */
		FB5DEF9516D6B95C00EBEA2F /* WhirlyGlobeSDK */ = {
			isa = PBXNativeTarget;
			buildConfigurationList = FB5DEFBB16D6B95C00EBEA2F /* Build configuration list for PBXNativeTarget "WhirlyGlobeSDK" */;
			buildPhases = (
				FB5DEF9216D6B95C00EBEA2F /* Sources */,
				FB5DEF9316D6B95C00EBEA2F /* Frameworks */,
				FB5DEF9416D6B95C00EBEA2F /* CopyFiles */,
				FB5DEFC716D6CA8000EBEA2F /* ShellScript */,
			);
			buildRules = (
			);
			dependencies = (
			);
			name = WhirlyGlobeSDK;
			productName = WhirlyGlobeSDK;
			productReference = FB5DEF9616D6B95C00EBEA2F /* libWhirlyGlobeSDK.a */;
			productType = "com.apple.product-type.library.static";
		};
		FB5DEFA616D6B95C00EBEA2F /* WhirlyGlobeSDKTests */ = {
			isa = PBXNativeTarget;
			buildConfigurationList = FB5DEFBE16D6B95C00EBEA2F /* Build configuration list for PBXNativeTarget "WhirlyGlobeSDKTests" */;
			buildPhases = (
				FB5DEFA216D6B95C00EBEA2F /* Sources */,
				FB5DEFA316D6B95C00EBEA2F /* Frameworks */,
				FB5DEFA416D6B95C00EBEA2F /* Resources */,
				FB5DEFA516D6B95C00EBEA2F /* ShellScript */,
			);
			buildRules = (
			);
			dependencies = (
				FB5DEFAE16D6B95C00EBEA2F /* PBXTargetDependency */,
			);
			name = WhirlyGlobeSDKTests;
			productName = WhirlyGlobeSDKTests;
			productReference = FB5DEFA716D6B95C00EBEA2F /* WhirlyGlobeSDKTests.octest */;
			productType = "com.apple.product-type.bundle";
		};
/* End PBXNativeTarget section */

/* Begin PBXProject section */
		FB5DEF8E16D6B95C00EBEA2F /* Project object */ = {
			isa = PBXProject;
			attributes = {
				LastUpgradeCheck = 0460;
				ORGANIZATIONNAME = "Ronald V. Simmons";
			};
			buildConfigurationList = FB5DEF9116D6B95C00EBEA2F /* Build configuration list for PBXProject "WhirlyGlobeSDK" */;
			compatibilityVersion = "Xcode 3.2";
			developmentRegion = English;
			hasScannedForEncodings = 0;
			knownRegions = (
				en,
			);
			mainGroup = FB5DEF8D16D6B95C00EBEA2F;
			productRefGroup = FB5DEF9716D6B95C00EBEA2F /* Products */;
			projectDirPath = "";
			projectRoot = "";
			targets = (
				FB5DEF9516D6B95C00EBEA2F /* WhirlyGlobeSDK */,
				FB5DEFA616D6B95C00EBEA2F /* WhirlyGlobeSDKTests */,
			);
		};
/* End PBXProject section */

/* Begin PBXResourcesBuildPhase section */
		FB5DEFA416D6B95C00EBEA2F /* Resources */ = {
			isa = PBXResourcesBuildPhase;
			buildActionMask = 2147483647;
			files = (
				FB5DEFB516D6B95C00EBEA2F /* InfoPlist.strings in Resources */,
			);
			runOnlyForDeploymentPostprocessing = 0;
		};
/* End PBXResourcesBuildPhase section */

/* Begin PBXShellScriptBuildPhase section */
		FB5DEFA516D6B95C00EBEA2F /* ShellScript */ = {
			isa = PBXShellScriptBuildPhase;
			buildActionMask = 2147483647;
			files = (
			);
			inputPaths = (
			);
			outputPaths = (
			);
			runOnlyForDeploymentPostprocessing = 0;
			shellPath = /bin/sh;
			shellScript = "# Run the unit tests in this test bundle.\n\"${SYSTEM_DEVELOPER_DIR}/Tools/RunUnitTests\"\n";
		};
		FB5DEFC716D6CA8000EBEA2F /* ShellScript */ = {
			isa = PBXShellScriptBuildPhase;
			buildActionMask = 2147483647;
			files = (
			);
			inputPaths = (
			);
			outputPaths = (
			);
			runOnlyForDeploymentPostprocessing = 0;
			shellPath = /bin/sh;
			shellScript = "echo `pwd`\necho \"BUILD_ROOT    =\" $BUILD_ROOT\necho \"PLATFORM_NAME =\" $PLATFORM_NAME\necho \"CONFIGURATION =\" $CONFIGURATION\necho \"Output        =\" ${BUILD_ROOT}/${CONFIGURATION}-${PLATFORM_NAME}/lib${PRODUCT_NAME}.a\necho \"Destination   =\" ${SOURCE_ROOT}/SDKRoot/Libs/lib${PRODUCT_NAME}-${PLATFORM_NAME}.a\nrm ${SOURCE_ROOT}/SDKRoot/Libs/lib${PRODUCT_NAME}-${PLATFORM_NAME}.a\ncp ${BUILD_ROOT}/${CONFIGURATION}-${PLATFORM_NAME}/lib${PRODUCT_NAME}.a ${SOURCE_ROOT}/SDKRoot/Libs/lib${PRODUCT_NAME}-${PLATFORM_NAME}.a\nstrip -S -A -r -u -x -o ${SOURCE_ROOT}/SDKRoot/Libs/lib${PRODUCT_NAME}-${PLATFORM_NAME}-stripped.a ${SOURCE_ROOT}/SDKRoot/Libs/lib${PRODUCT_NAME}-${PLATFORM_NAME}.a\nmv ${SOURCE_ROOT}/SDKRoot/Libs/lib${PRODUCT_NAME}-${PLATFORM_NAME}-stripped.a ${SOURCE_ROOT}/SDKRoot/Libs/lib${PRODUCT_NAME}-${PLATFORM_NAME}.a\nfind ${SOURCE_ROOT}/../WhirlyGlobeSrc -name \"*.h\" -exec cp {} ${SOURCE_ROOT}/SDKRoot/Headers \\;";
		};
/* End PBXShellScriptBuildPhase section */

/* Begin PBXSourcesBuildPhase section */
		FB5DEF9216D6B95C00EBEA2F /* Sources */ = {
			isa = PBXSourcesBuildPhase;
			buildActionMask = 2147483647;
			files = (
				FB5DEFA116D6B95C00EBEA2F /* WhirlyGlobeSDK.m in Sources */,
			);
			runOnlyForDeploymentPostprocessing = 0;
		};
		FB5DEFA216D6B95C00EBEA2F /* Sources */ = {
			isa = PBXSourcesBuildPhase;
			buildActionMask = 2147483647;
			files = (
				FB5DEFB816D6B95C00EBEA2F /* WhirlyGlobeSDKTests.m in Sources */,
			);
			runOnlyForDeploymentPostprocessing = 0;
		};
/* End PBXSourcesBuildPhase section */

/* Begin PBXTargetDependency section */
		FB5DEFAE16D6B95C00EBEA2F /* PBXTargetDependency */ = {
			isa = PBXTargetDependency;
			target = FB5DEF9516D6B95C00EBEA2F /* WhirlyGlobeSDK */;
			targetProxy = FB5DEFAD16D6B95C00EBEA2F /* PBXContainerItemProxy */;
		};
/* End PBXTargetDependency section */

/* Begin PBXVariantGroup section */
		FB5DEFB316D6B95C00EBEA2F /* InfoPlist.strings */ = {
			isa = PBXVariantGroup;
			children = (
				FB5DEFB416D6B95C00EBEA2F /* en */,
			);
			name = InfoPlist.strings;
			sourceTree = "<group>";
		};
/* End PBXVariantGroup section */

/* Begin XCBuildConfiguration section */
		FB5DEFB916D6B95C00EBEA2F /* Debug */ = {
			isa = XCBuildConfiguration;
			buildSettings = {
				ALWAYS_SEARCH_USER_PATHS = NO;
				CLANG_CXX_LANGUAGE_STANDARD = "gnu++0x";
				CLANG_CXX_LIBRARY = "libc++";
				CLANG_ENABLE_OBJC_ARC = YES;
				CLANG_WARN_CONSTANT_CONVERSION = YES;
				CLANG_WARN_EMPTY_BODY = YES;
				CLANG_WARN_ENUM_CONVERSION = YES;
				CLANG_WARN_INT_CONVERSION = YES;
				CLANG_WARN__DUPLICATE_METHOD_MATCH = YES;
				COPY_PHASE_STRIP = NO;
				GCC_C_LANGUAGE_STANDARD = gnu99;
				GCC_DYNAMIC_NO_PIC = NO;
				GCC_OPTIMIZATION_LEVEL = 0;
				GCC_PREPROCESSOR_DEFINITIONS = (
					"DEBUG=1",
					"$(inherited)",
				);
				GCC_SYMBOLS_PRIVATE_EXTERN = NO;
				GCC_WARN_ABOUT_RETURN_TYPE = YES;
				GCC_WARN_UNINITIALIZED_AUTOS = YES;
				GCC_WARN_UNUSED_VARIABLE = YES;
				IPHONEOS_DEPLOYMENT_TARGET = 6.1;
				ONLY_ACTIVE_ARCH = NO;
				OTHER_LDFLAGS = "-ObjC";
				SDKROOT = iphoneos;
			};
			name = Debug;
		};
		FB5DEFBA16D6B95C00EBEA2F /* Release */ = {
			isa = XCBuildConfiguration;
			buildSettings = {
				ALWAYS_SEARCH_USER_PATHS = NO;
				CLANG_CXX_LANGUAGE_STANDARD = "gnu++0x";
				CLANG_CXX_LIBRARY = "libc++";
				CLANG_ENABLE_OBJC_ARC = YES;
				CLANG_WARN_CONSTANT_CONVERSION = YES;
				CLANG_WARN_EMPTY_BODY = YES;
				CLANG_WARN_ENUM_CONVERSION = YES;
				CLANG_WARN_INT_CONVERSION = YES;
				CLANG_WARN__DUPLICATE_METHOD_MATCH = YES;
				COPY_PHASE_STRIP = YES;
				GCC_C_LANGUAGE_STANDARD = gnu99;
				GCC_WARN_ABOUT_RETURN_TYPE = YES;
				GCC_WARN_UNINITIALIZED_AUTOS = YES;
				GCC_WARN_UNUSED_VARIABLE = YES;
				IPHONEOS_DEPLOYMENT_TARGET = 6.1;
				OTHER_LDFLAGS = "-ObjC";
				SDKROOT = iphoneos;
				VALIDATE_PRODUCT = YES;
			};
			name = Release;
		};
		FB5DEFBC16D6B95C00EBEA2F /* Debug */ = {
			isa = XCBuildConfiguration;
			buildSettings = {
				DSTROOT = /tmp/WhirlyGlobeSDK.dst;
				GCC_PRECOMPILE_PREFIX_HEADER = YES;
				GCC_PREFIX_HEADER = "WhirlyGlobeSDK/WhirlyGlobeSDK-Prefix.pch";
				LIBRARY_SEARCH_PATHS = (
					"$(inherited)",
					"\"$(SRCROOT)/../../../Library/Developer/Xcode/DerivedData/WhirlyGlobe-bmzdpobwkpvjomazaxoyqeinvosq/Build/Products/Debug-iphoneos\"",
				);
				ONLY_ACTIVE_ARCH = YES;
				OTHER_LDFLAGS = "$(inherited)";
				PRODUCT_NAME = "$(TARGET_NAME)";
				SKIP_INSTALL = YES;
				STRIP_INSTALLED_PRODUCT = YES;
				STRIP_STYLE = "non-global";
			};
			name = Debug;
		};
		FB5DEFBD16D6B95C00EBEA2F /* Release */ = {
			isa = XCBuildConfiguration;
			buildSettings = {
				DSTROOT = /tmp/WhirlyGlobeSDK.dst;
				GCC_PRECOMPILE_PREFIX_HEADER = YES;
				GCC_PREFIX_HEADER = "WhirlyGlobeSDK/WhirlyGlobeSDK-Prefix.pch";
				LIBRARY_SEARCH_PATHS = (
					"$(inherited)",
					"\"$(SRCROOT)/../../../Library/Developer/Xcode/DerivedData/WhirlyGlobe-bmzdpobwkpvjomazaxoyqeinvosq/Build/Products/Debug-iphoneos\"",
				);
				ONLY_ACTIVE_ARCH = YES;
				OTHER_LDFLAGS = "$(inherited)";
				PRODUCT_NAME = "$(TARGET_NAME)";
				SKIP_INSTALL = YES;
				STRIP_INSTALLED_PRODUCT = YES;
				STRIP_STYLE = "non-global";
			};
			name = Release;
		};
		FB5DEFBF16D6B95C00EBEA2F /* Debug */ = {
			isa = XCBuildConfiguration;
			buildSettings = {
				FRAMEWORK_SEARCH_PATHS = (
					"\"$(SDKROOT)/Developer/Library/Frameworks\"",
					"\"$(DEVELOPER_LIBRARY_DIR)/Frameworks\"",
				);
				GCC_PRECOMPILE_PREFIX_HEADER = YES;
				GCC_PREFIX_HEADER = "WhirlyGlobeSDK/WhirlyGlobeSDK-Prefix.pch";
				INFOPLIST_FILE = "WhirlyGlobeSDKTests/WhirlyGlobeSDKTests-Info.plist";
				PRODUCT_NAME = "$(TARGET_NAME)";
				WRAPPER_EXTENSION = octest;
			};
			name = Debug;
		};
		FB5DEFC016D6B95C00EBEA2F /* Release */ = {
			isa = XCBuildConfiguration;
			buildSettings = {
				FRAMEWORK_SEARCH_PATHS = (
					"\"$(SDKROOT)/Developer/Library/Frameworks\"",
					"\"$(DEVELOPER_LIBRARY_DIR)/Frameworks\"",
				);
				GCC_PRECOMPILE_PREFIX_HEADER = YES;
				GCC_PREFIX_HEADER = "WhirlyGlobeSDK/WhirlyGlobeSDK-Prefix.pch";
				INFOPLIST_FILE = "WhirlyGlobeSDKTests/WhirlyGlobeSDKTests-Info.plist";
				PRODUCT_NAME = "$(TARGET_NAME)";
				WRAPPER_EXTENSION = octest;
			};
			name = Release;
		};
/* End XCBuildConfiguration section */

/* Begin XCConfigurationList section */
		FB5DEF9116D6B95C00EBEA2F /* Build configuration list for PBXProject "WhirlyGlobeSDK" */ = {
			isa = XCConfigurationList;
			buildConfigurations = (
				FB5DEFB916D6B95C00EBEA2F /* Debug */,
				FB5DEFBA16D6B95C00EBEA2F /* Release */,
			);
			defaultConfigurationIsVisible = 0;
			defaultConfigurationName = Release;
		};
		FB5DEFBB16D6B95C00EBEA2F /* Build configuration list for PBXNativeTarget "WhirlyGlobeSDK" */ = {
			isa = XCConfigurationList;
			buildConfigurations = (
				FB5DEFBC16D6B95C00EBEA2F /* Debug */,
				FB5DEFBD16D6B95C00EBEA2F /* Release */,
			);
			defaultConfigurationIsVisible = 0;
			defaultConfigurationName = Release;
		};
		FB5DEFBE16D6B95C00EBEA2F /* Build configuration list for PBXNativeTarget "WhirlyGlobeSDKTests" */ = {
			isa = XCConfigurationList;
			buildConfigurations = (
				FB5DEFBF16D6B95C00EBEA2F /* Debug */,
				FB5DEFC016D6B95C00EBEA2F /* Release */,
			);
			defaultConfigurationIsVisible = 0;
			defaultConfigurationName = Release;
		};
/* End XCConfigurationList section */
	};
	rootObject = FB5DEF8E16D6B95C00EBEA2F /* Project object */;
}
